
Microsoft Visual Studio Solution File, Format Version 12.00
# Visual Studio Version 16
VisualStudioVersion = 16.0.30001.183
MinimumVisualStudioVersion = 10.0.40219.1
Project("{FAE04EC0-301F-11D3-BF4B-00C04F79EFBC}") = "PerformanceTests", "PerformanceTests.csproj", "{5CAC10A5-6A22-4632-92A9-779EF48A5EE0}"
EndProject
Global
	GlobalSection(SolutionConfigurationPlatforms) = preSolution
		Debug|Any CPU = Debug|Any CPU
		Release|Any CPU = Release|Any CPU
	EndGlobalSection
	GlobalSection(ProjectConfigurationPlatforms) = postSolution
		{5CAC10A5-6A22-4632-92A9-779EF48A5EE0}.Debug|Any CPU.ActiveCfg = Debug|Any CPU
		{5CAC10A5-6A22-4632-92A9-779EF48A5EE0}.Debug|Any CPU.Build.0 = Debug|Any CPU
		{5CAC10A5-6A22-4632-92A9-779EF48A5EE0}.Release|Any CPU.ActiveCfg = Release|Any CPU
		{5CAC10A5-6A22-4632-92A9-779EF48A5EE0}.Release|Any CPU.Build.0 = Release|Any CPU
	EndGlobalSection
	GlobalSection(SolutionProperties) = preSolution
		HideSolutionNode = FALSE
	EndGlobalSection
	GlobalSection(ExtensibilityGlobals) = postSolution
		SolutionGuid = {12389709-2F68-49E0-A5DA-9F7E5A2B773D}
	EndGlobalSection
EndGlobal
